
Microsoft Visual Studio Solution File, Format Version 12.00
# Visual Studio Version 17
VisualStudioVersion = 17.0.32126.317
MinimumVisualStudioVersion = 10.0.40219.1
Project("{FAE04EC0-301F-11D3-BF4B-00C04F79EFBC}") = "thiswasamistake", "thiswasamistake.csproj", "{FC336308-31A5-4C5F-B288-FF0D26A004AB}"
EndProject
Global
	GlobalSection(SolutionConfigurationPlatforms) = preSolution
		Debug|Any CPU = Debug|Any CPU
		Release|Any CPU = Release|Any CPU
	EndGlobalSection
	GlobalSection(ProjectConfigurationPlatforms) = postSolution
		{FC336308-31A5-4C5F-B288-FF0D26A004AB}.Debug|Any CPU.ActiveCfg = Debug|Any CPU
		{FC336308-31A5-4C5F-B288-FF0D26A004AB}.Debug|Any CPU.Build.0 = Debug|Any CPU
		{FC336308-31A5-4C5F-B288-FF0D26A004AB}.Release|Any CPU.ActiveCfg = Release|Any CPU
		{FC336308-31A5-4C5F-B288-FF0D26A004AB}.Release|Any CPU.Build.0 = Release|Any CPU
	EndGlobalSection
	GlobalSection(SolutionProperties) = preSolution
		HideSolutionNode = FALSE
	EndGlobalSection
	GlobalSection(ExtensibilityGlobals) = postSolution
		SolutionGuid = {3D094716-32C9-4AED-AFBA-604E2C51811F}
	EndGlobalSection
EndGlobal
